
Microsoft Visual Studio Solution File, Format Version 12.00
# Visual Studio 14
VisualStudioVersion = 14.0.25420.1
MinimumVisualStudioVersion = 10.0.40219.1
Project("{FAE04EC0-301F-11D3-BF4B-00C04F79EFBC}") = "Lab 2 Server", "Lab 2\Lab 2 Server.csproj", "{C834475A-C334-467A-AFBF-37279164A413}"
EndProject
Project("{FAE04EC0-301F-11D3-BF4B-00C04F79EFBC}") = "Lab 2 Process", "Lab 2 Process\Lab 2 Process.csproj", "{6B32D609-C5DD-4607-8BEE-F2C5605596AA}"
EndProject
Global
	GlobalSection(SolutionConfigurationPlatforms) = preSolution
		Debug|Any CPU = Debug|Any CPU
		Release|Any CPU = Release|Any CPU
	EndGlobalSection
	GlobalSection(ProjectConfigurationPlatforms) = postSolution
		{C834475A-C334-467A-AFBF-37279164A413}.Debug|Any CPU.ActiveCfg = Debug|Any CPU
		{C834475A-C334-467A-AFBF-37279164A413}.Debug|Any CPU.Build.0 = Debug|Any CPU
		{C834475A-C334-467A-AFBF-37279164A413}.Release|Any CPU.ActiveCfg = Release|Any CPU
		{C834475A-C334-467A-AFBF-37279164A413}.Release|Any CPU.Build.0 = Release|Any CPU
		{6B32D609-C5DD-4607-8BEE-F2C5605596AA}.Debug|Any CPU.ActiveCfg = Debug|Any CPU
		{6B32D609-C5DD-4607-8BEE-F2C5605596AA}.Debug|Any CPU.Build.0 = Debug|Any CPU
		{6B32D609-C5DD-4607-8BEE-F2C5605596AA}.Release|Any CPU.ActiveCfg = Release|Any CPU
		{6B32D609-C5DD-4607-8BEE-F2C5605596AA}.Release|Any CPU.Build.0 = Release|Any CPU
	EndGlobalSection
	GlobalSection(SolutionProperties) = preSolution
		HideSolutionNode = FALSE
	EndGlobalSection
EndGlobal
